
Microsoft Visual Studio Solution File, Format Version 12.00
# Visual Studio 15
VisualStudioVersion = 15.0.27130.2027
MinimumVisualStudioVersion = 10.0.40219.1
Project("{FAE04EC0-301F-11D3-BF4B-00C04F79EFBC}") = "TestSites", "TestSites\TestSites.csproj", "{78B7D587-1F4E-4000-9000-DC072C24C086}"
EndProject
Global
	GlobalSection(SolutionConfigurationPlatforms) = preSolution
		Debug|Any CPU = Debug|Any CPU
		Release|Any CPU = Release|Any CPU
	EndGlobalSection
	GlobalSection(ProjectConfigurationPlatforms) = postSolution
		{78B7D587-1F4E-4000-9000-DC072C24C086}.Debug|Any CPU.ActiveCfg = Debug|Any CPU
		{78B7D587-1F4E-4000-9000-DC072C24C086}.Debug|Any CPU.Build.0 = Debug|Any CPU
		{78B7D587-1F4E-4000-9000-DC072C24C086}.Release|Any CPU.ActiveCfg = Release|Any CPU
		{78B7D587-1F4E-4000-9000-DC072C24C086}.Release|Any CPU.Build.0 = Release|Any CPU
	EndGlobalSection
	GlobalSection(SolutionProperties) = preSolution
		HideSolutionNode = FALSE
	EndGlobalSection
	GlobalSection(ExtensibilityGlobals) = postSolution
		SolutionGuid = {2791DDFB-7B2D-4DA5-9523-09FA8F2F0D37}
	EndGlobalSection
EndGlobal
